
Microsoft Visual Studio Solution File, Format Version 12.00
# Visual Studio Version 16
VisualStudioVersion = 16.0.29911.84
MinimumVisualStudioVersion = 10.0.40219.1
Project("{9A19103F-16F7-4668-BE54-9A1E7A4F7556}") = "CoronaLookup.ViewModel", "CoronaLookup.ViewModel\CoronaLookup.ViewModel.csproj", "{D5DAC4F8-0091-4C2C-8D33-D507BC50E142}"
	ProjectSection(ProjectDependencies) = postProject
		{7E0A705C-B5A8-4547-ACB6-096FFA5F337E} = {7E0A705C-B5A8-4547-ACB6-096FFA5F337E}
	EndProjectSection
EndProject
Project("{9A19103F-16F7-4668-BE54-9A1E7A4F7556}") = "CoronaLookup.Model", "CoronaLookup.Model\CoronaLookup.Model.csproj", "{7E0A705C-B5A8-4547-ACB6-096FFA5F337E}"
EndProject
Project("{FAE04EC0-301F-11D3-BF4B-00C04F79EFBC}") = "CoronaLookup.Main", "CoronaLookup.Main\CoronaLookup.Main.csproj", "{5532E0E3-413C-4987-8B92-D8B73CD89FDF}"
EndProject
Project("{FAE04EC0-301F-11D3-BF4B-00C04F79EFBC}") = "CoronaLookup.View", "CoronaLookup.View\CoronaLookup.View.csproj", "{9E10A281-998E-4230-B003-7C804C7A3AF1}"
	ProjectSection(ProjectDependencies) = postProject
		{D5DAC4F8-0091-4C2C-8D33-D507BC50E142} = {D5DAC4F8-0091-4C2C-8D33-D507BC50E142}
	EndProjectSection
EndProject
Project("{FAE04EC0-301F-11D3-BF4B-00C04F79EFBC}") = "CoronaLookup.Repository", "CoronaLookup.Repository\CoronaLookup.Repository.csproj", "{31DD71BE-406F-4F01-87FC-1E18CDF42DD2}"
EndProject
Project("{FAE04EC0-301F-11D3-BF4B-00C04F79EFBC}") = "CoronaLookup.Repository.Covid19API", "CoronaLookup.Repository.Covid19API\CoronaLookup.Repository.Covid19API.csproj", "{D57BE299-F1DF-4448-BB6A-7072A94A589F}"
EndProject
Project("{FAE04EC0-301F-11D3-BF4B-00C04F79EFBC}") = "CoronaLookup.Repository.MockSample", "CoronaLookup.Repository.MockSample\CoronaLookup.Repository.MockSample.csproj", "{8CCB3483-2D05-4793-A1A1-BB49D7F199A1}"
EndProject
Project("{FAE04EC0-301F-11D3-BF4B-00C04F79EFBC}") = "CoronaLookup.Controller", "CoronaLookup.Controller\CoronaLookup.Controller.csproj", "{75E073C9-9143-4320-B167-F25F3E39FB6A}"
EndProject
Global
	GlobalSection(SolutionConfigurationPlatforms) = preSolution
		Debug|Any CPU = Debug|Any CPU
		Release|Any CPU = Release|Any CPU
	EndGlobalSection
	GlobalSection(ProjectConfigurationPlatforms) = postSolution
		{D5DAC4F8-0091-4C2C-8D33-D507BC50E142}.Debug|Any CPU.ActiveCfg = Debug|Any CPU
		{D5DAC4F8-0091-4C2C-8D33-D507BC50E142}.Debug|Any CPU.Build.0 = Debug|Any CPU
		{D5DAC4F8-0091-4C2C-8D33-D507BC50E142}.Release|Any CPU.ActiveCfg = Release|Any CPU
		{D5DAC4F8-0091-4C2C-8D33-D507BC50E142}.Release|Any CPU.Build.0 = Release|Any CPU
		{7E0A705C-B5A8-4547-ACB6-096FFA5F337E}.Debug|Any CPU.ActiveCfg = Debug|Any CPU
		{7E0A705C-B5A8-4547-ACB6-096FFA5F337E}.Debug|Any CPU.Build.0 = Debug|Any CPU
		{7E0A705C-B5A8-4547-ACB6-096FFA5F337E}.Release|Any CPU.ActiveCfg = Release|Any CPU
		{7E0A705C-B5A8-4547-ACB6-096FFA5F337E}.Release|Any CPU.Build.0 = Release|Any CPU
		{5532E0E3-413C-4987-8B92-D8B73CD89FDF}.Debug|Any CPU.ActiveCfg = Debug|Any CPU
		{5532E0E3-413C-4987-8B92-D8B73CD89FDF}.Debug|Any CPU.Build.0 = Debug|Any CPU
		{5532E0E3-413C-4987-8B92-D8B73CD89FDF}.Release|Any CPU.ActiveCfg = Release|Any CPU
		{5532E0E3-413C-4987-8B92-D8B73CD89FDF}.Release|Any CPU.Build.0 = Release|Any CPU
		{9E10A281-998E-4230-B003-7C804C7A3AF1}.Debug|Any CPU.ActiveCfg = Debug|Any CPU
		{9E10A281-998E-4230-B003-7C804C7A3AF1}.Debug|Any CPU.Build.0 = Debug|Any CPU
		{9E10A281-998E-4230-B003-7C804C7A3AF1}.Release|Any CPU.ActiveCfg = Release|Any CPU
		{9E10A281-998E-4230-B003-7C804C7A3AF1}.Release|Any CPU.Build.0 = Release|Any CPU
		{31DD71BE-406F-4F01-87FC-1E18CDF42DD2}.Debug|Any CPU.ActiveCfg = Debug|Any CPU
		{31DD71BE-406F-4F01-87FC-1E18CDF42DD2}.Debug|Any CPU.Build.0 = Debug|Any CPU
		{31DD71BE-406F-4F01-87FC-1E18CDF42DD2}.Release|Any CPU.ActiveCfg = Release|Any CPU
		{31DD71BE-406F-4F01-87FC-1E18CDF42DD2}.Release|Any CPU.Build.0 = Release|Any CPU
		{D57BE299-F1DF-4448-BB6A-7072A94A589F}.Debug|Any CPU.ActiveCfg = Debug|Any CPU
		{D57BE299-F1DF-4448-BB6A-7072A94A589F}.Debug|Any CPU.Build.0 = Debug|Any CPU
		{D57BE299-F1DF-4448-BB6A-7072A94A589F}.Release|Any CPU.ActiveCfg = Release|Any CPU
		{D57BE299-F1DF-4448-BB6A-7072A94A589F}.Release|Any CPU.Build.0 = Release|Any CPU
		{8CCB3483-2D05-4793-A1A1-BB49D7F199A1}.Debug|Any CPU.ActiveCfg = Debug|Any CPU
		{8CCB3483-2D05-4793-A1A1-BB49D7F199A1}.Debug|Any CPU.Build.0 = Debug|Any CPU
		{8CCB3483-2D05-4793-A1A1-BB49D7F199A1}.Release|Any CPU.ActiveCfg = Release|Any CPU
		{8CCB3483-2D05-4793-A1A1-BB49D7F199A1}.Release|Any CPU.Build.0 = Release|Any CPU
		{75E073C9-9143-4320-B167-F25F3E39FB6A}.Debug|Any CPU.ActiveCfg = Debug|Any CPU
		{75E073C9-9143-4320-B167-F25F3E39FB6A}.Debug|Any CPU.Build.0 = Debug|Any CPU
		{75E073C9-9143-4320-B167-F25F3E39FB6A}.Release|Any CPU.ActiveCfg = Release|Any CPU
		{75E073C9-9143-4320-B167-F25F3E39FB6A}.Release|Any CPU.Build.0 = Release|Any CPU
	EndGlobalSection
	GlobalSection(SolutionProperties) = preSolution
		HideSolutionNode = FALSE
	EndGlobalSection
	GlobalSection(ExtensibilityGlobals) = postSolution
		SolutionGuid = {226E69B6-5B0C-4054-A356-E05EEDE3E433}
	EndGlobalSection
EndGlobal
